Microsoft Visual Studio Solution File, Format Version 12.00
# Visual Studio Version 17
VisualStudioVersion = 17.5.2.0
MinimumVisualStudioVersion = 10.0.40219.1
Project("{FAE04EC0-301F-11D3-BF4B-00C04F79EFBC}") = "dt191g_moment2", "dt191g_moment2.csproj", "{0EA63C1A-A92A-E63A-DEF5-B399EA484174}"
EndProject
Global
	GlobalSection(SolutionConfigurationPlatforms) = preSolution
		Debug|Any CPU = Debug|Any CPU
		Release|Any CPU = Release|Any CPU
	EndGlobalSection
	GlobalSection(ProjectConfigurationPlatforms) = postSolution
		{0EA63C1A-A92A-E63A-DEF5-B399EA484174}.Debug|Any CPU.ActiveCfg = Debug|Any CPU
		{0EA63C1A-A92A-E63A-DEF5-B399EA484174}.Debug|Any CPU.Build.0 = Debug|Any CPU
		{0EA63C1A-A92A-E63A-DEF5-B399EA484174}.Release|Any CPU.ActiveCfg = Release|Any CPU
		{0EA63C1A-A92A-E63A-DEF5-B399EA484174}.Release|Any CPU.Build.0 = Release|Any CPU
	EndGlobalSection
	GlobalSection(SolutionProperties) = preSolution
		HideSolutionNode = FALSE
	EndGlobalSection
	GlobalSection(ExtensibilityGlobals) = postSolution
		SolutionGuid = {837518E7-9952-45AD-9AA1-5A4C56F46426}
	EndGlobalSection
EndGlobal
